lock_version: 5
machine_hash: sha256:24309adb115a1ca858d6530b09b24bad0077eecbcec840fb8683d8d5a4379182
resolver_version: 0.1.0
registry_source:
  schema: dryer.registry-source/v1
  id: dryer-official
  uri: git+https://github.com/dmytro-yemelianov/dryer.git?subdir=packages
  descriptor_hash: sha256:6138256e51835c3138fd083c7da2701f6dc9d8ae7779f637c33942e3affcfc8c
packages:
- id: boards/example-mainboard@1.0.0
  manifest_hash: sha256:ae764f00fa42948859de165899573df981e96101ce04a039097d8d6c2b62a5f5
  content_hash: sha256:d97ebe50757c8c943c5de0d2664bf43e3519fc711c43d33ff9d73b183ceb4241
- id: chips/generic-mcu@1.5.0
  manifest_hash: sha256:b54a5da326f821ce530f62c989cae2696321c6bf9a197a01386a91bfba6f8644
  content_hash: sha256:4cc20f50b28efe4864162ac51d22e6f83a75da4820baf4ab53161e7c271922bc
- id: devices/tmc2209@2.1.0
  manifest_hash: sha256:c74f5999cc67167ea1dfead1be2c8d65b6f0dee38f385d40920d8d279115daec
  content_hash: sha256:ad83ae3a61b4d95a6131c8503449eefbfdabf094ad5e5c2ac13d234dceed0b22
- id: machines/cartesian-basic@1.0.0
  manifest_hash: sha256:4217b9b074c2d2d28596a40a4768e97994b5bac6e5a759e3e935420ed0811f0e
  content_hash: sha256:cb8987e6cf7fed527bb3ceaa85a8508514809fa7948da8d362360323cfff850c
- id: safety-profiles/desktop-fdm@1.0.0
  manifest_hash: sha256:d628288ee439f9bc406bc5cc694802e344090724ff26fbc20ee726648882a7a5
  content_hash: sha256:85b1f6152a3c6828f8319840448432b2af3261992f2e22de2a880be42beb6d89
safety_profile:
  id: safety-profiles/desktop-fdm@1.0.0
  manifest_hash: sha256:d628288ee439f9bc406bc5cc694802e344090724ff26fbc20ee726648882a7a5
  content_hash: sha256:85b1f6152a3c6828f8319840448432b2af3261992f2e22de2a880be42beb6d89
controllers:
  mainboard:
    board: boards/example-mainboard
    resolved_resources:
      hotend_heater/output: heater0
      hotend_sensor/input: thermistor0
      x_driver/connected_to: motor0
      y_driver/requires.connector: motor1
    safety:
      schema: dryer.controller-safety/v1
      states:
      - component: hotend_heater
        class: heater
        resource: heater0
        state: off
        heartbeat_timeout_us: 500000
        sensor: thermistor0
      - component: x_motor
        class: stepper_motor
        resource: motor0
        state: disabled
    build:
      schema: dryer.controller-build-plan/v1
      board: boards/example-mainboard@1.0.0
      chip: chips/generic-mcu@1.5.0
      target_triple: thumbv7em-none-eabihf
      toolchain: rustc-1.85.0
      build_profile: release
      protocol_version: dryer.control/v1
      abi_version: dryer.controller/v1
      flash_bytes: 524288
      ram_bytes: 131072
      bootloader_offset_bytes: 16384
      features:
      - adc
      - pwm
      - step_scheduler
      - usb_transport
      native_drivers:
      - devices/tmc2209@2.1.0
