lock_version: 1
machine_hash: sha256:89fe6c763feb05e4f60249919face4fa160e4e7161f5fcd366dcfcf8ede53212
resolver_version: 0.1.0
packages:
- id: boards/example-mainboard@1.0.0
  manifest_hash: sha256:b970a4fe451aabb8f119eeeb65557d6eec4b4c8ab4b194bd17554cb1c9f3d54d
- id: chips/generic-mcu@1.2.0
  manifest_hash: sha256:0f807b7571c5fed2dce5df5ca7b8c7a7c228d22750c15f77728270ec77747670
- id: devices/tmc2209@2.1.0
  manifest_hash: sha256:0c24b1f24da663891e044bfed9a29b005e0d4e37acb978e1e240481bbe8b2d07
- id: safety-profiles/desktop-fdm@1.0.0
  manifest_hash: sha256:34abc60fdff7f998703ba423a00e5572f307b1bd642395f0e94e5ba5d28a1efd
safety_profile:
  id: safety-profiles/desktop-fdm@1.0.0
  manifest_hash: sha256:34abc60fdff7f998703ba423a00e5572f307b1bd642395f0e94e5ba5d28a1efd
controllers:
  mainboard:
    board: boards/example-mainboard
    resolved_resources:
      hotend_heater/output: heater0
      hotend_sensor/input: thermistor0
      x_driver/connected_to: motor0
